
Microsoft Visual Studio Solution File, Format Version 12.00
# Visual Studio Version 17
VisualStudioVersion = 17.14.36221.1
MinimumVisualStudioVersion = 10.0.40219.1
Project("{FAE04EC0-301F-11D3-BF4B-00C04F79EFBC}") = "MedicalImagingSystem", "MedicalImagingSystem\MedicalImagingSystem.csproj", "{19F84B6E-6659-85FF-8C81-217D46578963}"
EndProject
Global
	GlobalSection(SolutionConfigurationPlatforms) = preSolution
		Debug|Any CPU = Debug|Any CPU
		Debug|x64 = Debug|x64
		Release|Any CPU = Release|Any CPU
		Release|x64 = Release|x64
	EndGlobalSection
	GlobalSection(ProjectConfigurationPlatforms) = postSolution
		{19F84B6E-6659-85FF-8C81-217D46578963}.Debug|Any CPU.ActiveCfg = Debug|Any CPU
		{19F84B6E-6659-85FF-8C81-217D46578963}.Debug|Any CPU.Build.0 = Debug|Any CPU
		{19F84B6E-6659-85FF-8C81-217D46578963}.Debug|x64.ActiveCfg = Debug|x64
		{19F84B6E-6659-85FF-8C81-217D46578963}.Debug|x64.Build.0 = Debug|x64
		{19F84B6E-6659-85FF-8C81-217D46578963}.Release|Any CPU.ActiveCfg = Release|Any CPU
		{19F84B6E-6659-85FF-8C81-217D46578963}.Release|Any CPU.Build.0 = Release|Any CPU
		{19F84B6E-6659-85FF-8C81-217D46578963}.Release|x64.ActiveCfg = Release|x64
		{19F84B6E-6659-85FF-8C81-217D46578963}.Release|x64.Build.0 = Release|x64
	EndGlobalSection
	GlobalSection(SolutionProperties) = preSolution
		HideSolutionNode = FALSE
	EndGlobalSection
	GlobalSection(ExtensibilityGlobals) = postSolution
		SolutionGuid = {F1BDF396-367A-45B6-AFD2-51B5ABB924F2}
	EndGlobalSection
EndGlobal
